
Microsoft Visual Studio Solution File, Format Version 12.00
# Visual Studio Version 17
VisualStudioVersion = 17.9.34728.123
MinimumVisualStudioVersion = 10.0.40219.1
Project("{FAE04EC0-301F-11D3-BF4B-00C04F79EFBC}") = "CoolKidsNeverSleep", "CoolKidsNeverSleep.csproj", "{D08F3469-1161-4D4A-BB7C-7035013D4316}"
EndProject
Global
	GlobalSection(SolutionConfigurationPlatforms) = preSolution
		Debug|Any CPU = Debug|Any CPU
		Release|Any CPU = Release|Any CPU
	EndGlobalSection
	GlobalSection(ProjectConfigurationPlatforms) = postSolution
		{D08F3469-1161-4D4A-BB7C-7035013D4316}.Debug|Any CPU.ActiveCfg = Debug|Any CPU
		{D08F3469-1161-4D4A-BB7C-7035013D4316}.Debug|Any CPU.Build.0 = Debug|Any CPU
		{D08F3469-1161-4D4A-BB7C-7035013D4316}.Release|Any CPU.ActiveCfg = Release|Any CPU
		{D08F3469-1161-4D4A-BB7C-7035013D4316}.Release|Any CPU.Build.0 = Release|Any CPU
	EndGlobalSection
	GlobalSection(SolutionProperties) = preSolution
		HideSolutionNode = FALSE
	EndGlobalSection
	GlobalSection(ExtensibilityGlobals) = postSolution
		SolutionGuid = {4B28D0E8-4C73-4442-BE00-9ADCBD518441}
	EndGlobalSection
EndGlobal
